
Microsoft Visual Studio Solution File, Format Version 12.00
# Visual Studio Version 17
VisualStudioVersion = 17.3.32819.101
MinimumVisualStudioVersion = 10.0.40219.1
Project("{2150E333-8FDC-42A3-9474-1A3956D46DE8}") = "1 - Application", "1 - Application", "{48ECFE89-23BC-4FF8-A903-C1A9326BEA3F}"
EndProject
Project("{9A19103F-16F7-4668-BE54-9A1E7A4F7556}") = "FormsGeo.Application", "FormsGeo.Application\FormsGeo.Application.csproj", "{D1F13413-0C05-4F62-B932-2B1D6AC47723}"
EndProject
Project("{2150E333-8FDC-42A3-9474-1A3956D46DE8}") = "2 - Domain", "2 - Domain", "{BB732270-DC41-4500-A8E0-DFFA3984C7DA}"
EndProject
Project("{2150E333-8FDC-42A3-9474-1A3956D46DE8}") = "3 - Service", "3 - Service", "{96D7CA2D-9EE3-4814-87F0-311CB5F14CE3}"
EndProject
Project("{2150E333-8FDC-42A3-9474-1A3956D46DE8}") = "4 - Infra", "4 - Infra", "{281413A0-A8C2-496F-8C04-B2F78A2DF029}"
EndProject
Project("{2150E333-8FDC-42A3-9474-1A3956D46DE8}") = "4.1 - Data", "4.1 - Data", "{F3201F59-A5A9-40C1-B411-2810E7B524C3}"
EndProject
Project("{9A19103F-16F7-4668-BE54-9A1E7A4F7556}") = "FormsGeo.Domain", "FormsGeo.Domain\FormsGeo.Domain.csproj", "{A367B67D-1677-4C1B-87E9-348D66DD6127}"
EndProject
Project("{9A19103F-16F7-4668-BE54-9A1E7A4F7556}") = "FormsGeo.Service", "FormsGeo.Service\FormsGeo.Service.csproj", "{1B2946E2-6583-423A-9A42-EEC16CA53CC4}"
EndProject
Project("{9A19103F-16F7-4668-BE54-9A1E7A4F7556}") = "FormsGeo.Data", "FormsGeo.Data\FormsGeo.Data.csproj", "{7A62A878-1D16-4B83-B94E-7831B9CE7758}"
EndProject
Global
	GlobalSection(SolutionConfigurationPlatforms) = preSolution
		Debug|Any CPU = Debug|Any CPU
		Release|Any CPU = Release|Any CPU
	EndGlobalSection
	GlobalSection(ProjectConfigurationPlatforms) = postSolution
		{D1F13413-0C05-4F62-B932-2B1D6AC47723}.Debug|Any CPU.ActiveCfg = Debug|Any CPU
		{D1F13413-0C05-4F62-B932-2B1D6AC47723}.Debug|Any CPU.Build.0 = Debug|Any CPU
		{D1F13413-0C05-4F62-B932-2B1D6AC47723}.Release|Any CPU.ActiveCfg = Release|Any CPU
		{D1F13413-0C05-4F62-B932-2B1D6AC47723}.Release|Any CPU.Build.0 = Release|Any CPU
		{A367B67D-1677-4C1B-87E9-348D66DD6127}.Debug|Any CPU.ActiveCfg = Debug|Any CPU
		{A367B67D-1677-4C1B-87E9-348D66DD6127}.Debug|Any CPU.Build.0 = Debug|Any CPU
		{A367B67D-1677-4C1B-87E9-348D66DD6127}.Release|Any CPU.ActiveCfg = Release|Any CPU
		{A367B67D-1677-4C1B-87E9-348D66DD6127}.Release|Any CPU.Build.0 = Release|Any CPU
		{1B2946E2-6583-423A-9A42-EEC16CA53CC4}.Debug|Any CPU.ActiveCfg = Debug|Any CPU
		{1B2946E2-6583-423A-9A42-EEC16CA53CC4}.Debug|Any CPU.Build.0 = Debug|Any CPU
		{1B2946E2-6583-423A-9A42-EEC16CA53CC4}.Release|Any CPU.ActiveCfg = Release|Any CPU
		{1B2946E2-6583-423A-9A42-EEC16CA53CC4}.Release|Any CPU.Build.0 = Release|Any CPU
		{7A62A878-1D16-4B83-B94E-7831B9CE7758}.Debug|Any CPU.ActiveCfg = Debug|Any CPU
		{7A62A878-1D16-4B83-B94E-7831B9CE7758}.Debug|Any CPU.Build.0 = Debug|Any CPU
		{7A62A878-1D16-4B83-B94E-7831B9CE7758}.Release|Any CPU.ActiveCfg = Release|Any CPU
		{7A62A878-1D16-4B83-B94E-7831B9CE7758}.Release|Any CPU.Build.0 = Release|Any CPU
	EndGlobalSection
	GlobalSection(SolutionProperties) = preSolution
		HideSolutionNode = FALSE
	EndGlobalSection
	GlobalSection(NestedProjects) = preSolution
		{D1F13413-0C05-4F62-B932-2B1D6AC47723} = {48ECFE89-23BC-4FF8-A903-C1A9326BEA3F}
		{F3201F59-A5A9-40C1-B411-2810E7B524C3} = {281413A0-A8C2-496F-8C04-B2F78A2DF029}
		{A367B67D-1677-4C1B-87E9-348D66DD6127} = {BB732270-DC41-4500-A8E0-DFFA3984C7DA}
		{1B2946E2-6583-423A-9A42-EEC16CA53CC4} = {96D7CA2D-9EE3-4814-87F0-311CB5F14CE3}
		{7A62A878-1D16-4B83-B94E-7831B9CE7758} = {F3201F59-A5A9-40C1-B411-2810E7B524C3}
	EndGlobalSection
	GlobalSection(ExtensibilityGlobals) = postSolution
		SolutionGuid = {B8FAE218-CD27-41AD-9008-DA3D31392D55}
	EndGlobalSection
EndGlobal
